// !$*UTF8*$!
{
	archiveVersion = 1;
	classes = {
	};
	objectVersion = 55;
	objects = {

/* Begin PBXBuildFile section */
		620EBB71285A121500737F76 /* Alamofire in Frameworks */ = {isa = PBXBuildFile; productRef = 620EBB70285A121500737F76 /* Alamofire */; };
		620EBB73285A12C300737F76 /* AbstractErrorParser.swift in Sources */ = {isa = PBXBuildFile; fileRef = 620EBB72285A12C300737F76 /* AbstractErrorParser.swift */; };
		620EBB75285A12F100737F76 /* ErrorParser.swift in Sources */ = {isa = PBXBuildFile; fileRef = 620EBB74285A12F100737F76 /* ErrorParser.swift */; };
		620EBB77285A132E00737F76 /* DataRequest.swift in Sources */ = {isa = PBXBuildFile; fileRef = 620EBB76285A132E00737F76 /* DataRequest.swift */; };
		620EBB79285A1AC400737F76 /* AbstractRequestFactory.swift in Sources */ = {isa = PBXBuildFile; fileRef = 620EBB78285A1AC400737F76 /* AbstractRequestFactory.swift */; };
		620EBB7B285A1DEE00737F76 /* RequestRouter.swift in Sources */ = {isa = PBXBuildFile; fileRef = 620EBB7A285A1DEE00737F76 /* RequestRouter.swift */; };
		620EBB7D285A222A00737F76 /* LoginResult.swift in Sources */ = {isa = PBXBuildFile; fileRef = 620EBB7C285A222A00737F76 /* LoginResult.swift */; };
		620EBB7F285A223300737F76 /* User.swift in Sources */ = {isa = PBXBuildFile; fileRef = 620EBB7E285A223300737F76 /* User.swift */; };
		620EBB84285A235600737F76 /* Auth.swift in Sources */ = {isa = PBXBuildFile; fileRef = 620EBB83285A235600737F76 /* Auth.swift */; };
		620EBB86285A254900737F76 /* RequestFactory.swift in Sources */ = {isa = PBXBuildFile; fileRef = 620EBB85285A254900737F76 /* RequestFactory.swift */; };
		621B0CA1289174DC00AB3760 /* ProductCell.swift in Sources */ = {isa = PBXBuildFile; fileRef = 621B0CA0289174DB00AB3760 /* ProductCell.swift */; };
		621F7B4F28523E5C002AFA74 /* Online_ShopApp.swift in Sources */ = {isa = PBXBuildFile; fileRef = 621F7B4E28523E5C002AFA74 /* Online_ShopApp.swift */; };
		621F7B5328523E5E002AFA74 /* Assets.xcassets in Resources */ = {isa = PBXBuildFile; fileRef = 621F7B5228523E5E002AFA74 /* Assets.xcassets */; };
		621F7B5628523E5E002AFA74 /* Preview Assets.xcassets in Resources */ = {isa = PBXBuildFile; fileRef = 621F7B5528523E5E002AFA74 /* Preview Assets.xcassets */; };
		621F7B6A28523E5E002AFA74 /* Online_ShopUITests.swift in Sources */ = {isa = PBXBuildFile; fileRef = 621F7B6928523E5E002AFA74 /* Online_ShopUITests.swift */; };
		621F7B6C28523E5E002AFA74 /* Online_ShopUITestsLaunchTests.swift in Sources */ = {isa = PBXBuildFile; fileRef = 621F7B6B28523E5E002AFA74 /* Online_ShopUITestsLaunchTests.swift */; };
		621FA82728897AF200E7723F /* AddReview.swift in Sources */ = {isa = PBXBuildFile; fileRef = 621FA82628897AF200E7723F /* AddReview.swift */; };
		62391C08286DF1DD00CBBFCA /* Product.swift in Sources */ = {isa = PBXBuildFile; fileRef = 62391C07286DF1DD00CBBFCA /* Product.swift */; };
		62391C0A286DF29100CBBFCA /* GetSingleProductData.swift in Sources */ = {isa = PBXBuildFile; fileRef = 62391C09286DF29100CBBFCA /* GetSingleProductData.swift */; };
		62391C0C286DF2A800CBBFCA /* GetSingleProductDataFactory.swift in Sources */ = {isa = PBXBuildFile; fileRef = 62391C0B286DF2A800CBBFCA /* GetSingleProductDataFactory.swift */; };
		62391C0E286DF45E00CBBFCA /* GetSingleProductDataTest.swift in Sources */ = {isa = PBXBuildFile; fileRef = 62391C0D286DF45E00CBBFCA /* GetSingleProductDataTest.swift */; };
		62436F9D288153EE00EDD9B1 /* AlertItem.swift in Sources */ = {isa = PBXBuildFile; fileRef = 62436F9C288153EE00EDD9B1 /* AlertItem.swift */; };
		62436F9F2881607300EDD9B1 /* MainMenuViewModel.swift in Sources */ = {isa = PBXBuildFile; fileRef = 62436F9E2881607300EDD9B1 /* MainMenuViewModel.swift */; };
		627B2BDD286B42B900256E42 /* ResponseCodableTests.swift in Sources */ = {isa = PBXBuildFile; fileRef = 627B2BDC286B42B900256E42 /* ResponseCodableTests.swift */; };
		627B2BDF286B44BC00256E42 /* ChangeUserDataResult.swift in Sources */ = {isa = PBXBuildFile; fileRef = 62E0670C285C718100E71923 /* ChangeUserDataResult.swift */; };
		627B2BE0286B44C100256E42 /* ChangeUserData.swift in Sources */ = {isa = PBXBuildFile; fileRef = 62E06719285CC6F600E71923 /* ChangeUserData.swift */; };
		627B2BE2286B51FB00256E42 /* AuthTest.swift in Sources */ = {isa = PBXBuildFile; fileRef = 627B2BE1286B51FB00256E42 /* AuthTest.swift */; };
		6280E707286D8B8E0065A04C /* ChangeUserDataTest.swift in Sources */ = {isa = PBXBuildFile; fileRef = 6280E706286D8B8E0065A04C /* ChangeUserDataTest.swift */; };
		6280E709286D9AF80065A04C /* GetCatalogData.swift in Sources */ = {isa = PBXBuildFile; fileRef = 6280E708286D9AF80065A04C /* GetCatalogData.swift */; };
		6280E70B286D9B100065A04C /* GetCatalogDataFactory.swift in Sources */ = {isa = PBXBuildFile; fileRef = 6280E70A286D9B100065A04C /* GetCatalogDataFactory.swift */; };
		6280E70D286D9BB70065A04C /* CatalogData.swift in Sources */ = {isa = PBXBuildFile; fileRef = 6280E70C286D9BB70065A04C /* CatalogData.swift */; };
		6280E70F286DA0A00065A04C /* GetCatalogDataTest.swift in Sources */ = {isa = PBXBuildFile; fileRef = 6280E70E286DA0A00065A04C /* GetCatalogDataTest.swift */; };
		628208AA2880074900F9C682 /* MainMenuView.swift in Sources */ = {isa = PBXBuildFile; fileRef = 628208A92880074900F9C682 /* MainMenuView.swift */; };
		628208AD2880080100F9C682 /* SignUpView.swift in Sources */ = {isa = PBXBuildFile; fileRef = 628208AC2880080100F9C682 /* SignUpView.swift */; };
		628208AF28800D9C00F9C682 /* SingUpViewModel.swift in Sources */ = {isa = PBXBuildFile; fileRef = 628208AE28800D9C00F9C682 /* SingUpViewModel.swift */; };
		62954632288D6DED00933106 /* ReviewsViewModel.swift in Sources */ = {isa = PBXBuildFile; fileRef = 62954631288D6DED00933106 /* ReviewsViewModel.swift */; };
		62954634288D6EF500933106 /* AddReviewData.swift in Sources */ = {isa = PBXBuildFile; fileRef = 62954633288D6EF500933106 /* AddReviewData.swift */; };
		62954636288D6F0800933106 /* AddReviewDataFactory.swift in Sources */ = {isa = PBXBuildFile; fileRef = 62954635288D6F0800933106 /* AddReviewDataFactory.swift */; };
		6299B00E286C480800873DBE /* RegistrationTest.swift in Sources */ = {isa = PBXBuildFile; fileRef = 6299B00D286C480800873DBE /* RegistrationTest.swift */; };
		6299B010286C949D00873DBE /* ContainerBuilder.swift in Sources */ = {isa = PBXBuildFile; fileRef = 6299B00F286C949D00873DBE /* ContainerBuilder.swift */; };
		62AF37F0289427F30088DE51 /* PayForProducts.swift in Sources */ = {isa = PBXBuildFile; fileRef = 62AF37EF289427F30088DE51 /* PayForProducts.swift */; };
		62AF37F2289428790088DE51 /* PayBasket.swift in Sources */ = {isa = PBXBuildFile; fileRef = 62AF37F1289428790088DE51 /* PayBasket.swift */; };
		62AF37F4289429660088DE51 /* PayForProductsDataFactory.swift in Sources */ = {isa = PBXBuildFile; fileRef = 62AF37F3289429660088DE51 /* PayForProductsDataFactory.swift */; };
		62CA2B2B288EA6E000404764 /* ReviewsEntryField.swift in Sources */ = {isa = PBXBuildFile; fileRef = 62CA2B2A288EA6E000404764 /* ReviewsEntryField.swift */; };
		62CCD4722890067B003FA1E6 /* ProductCart.swift in Sources */ = {isa = PBXBuildFile; fileRef = 62CCD4712890067B003FA1E6 /* ProductCart.swift */; };
		62CCD47428903CF1003FA1E6 /* ProductCartViewModel.swift in Sources */ = {isa = PBXBuildFile; fileRef = 62CCD47328903CF1003FA1E6 /* ProductCartViewModel.swift */; };
		62E06709285C705D00E71923 /* RegisterUser.swift in Sources */ = {isa = PBXBuildFile; fileRef = 62E06708285C705D00E71923 /* RegisterUser.swift */; };
		62E0670B285C713600E71923 /* Logout.swift in Sources */ = {isa = PBXBuildFile; fileRef = 62E0670A285C713600E71923 /* Logout.swift */; };
		62E06710285C79A500E71923 /* Swinject in Frameworks */ = {isa = PBXBuildFile; productRef = 62E0670F285C79A500E71923 /* Swinject */; };
		62E06712285CA13200E71923 /* Registration.swift in Sources */ = {isa = PBXBuildFile; fileRef = 62E06711285CA13200E71923 /* Registration.swift */; };
		62E06714285CBD4700E71923 /* UserData.swift in Sources */ = {isa = PBXBuildFile; fileRef = 62E06713285CBD4700E71923 /* UserData.swift */; };
		62E06716285CBF2C00E71923 /* AuthRequestFactory.swift in Sources */ = {isa = PBXBuildFile; fileRef = 62E06715285CBF2C00E71923 /* AuthRequestFactory.swift */; };
		62E06718285CC00400E71923 /* RegistrationRequestFactory.swift in Sources */ = {isa = PBXBuildFile; fileRef = 62E06717285CC00400E71923 /* RegistrationRequestFactory.swift */; };
		62E0671C285CC7E000E71923 /* ChangeUserDataFactory.swift in Sources */ = {isa = PBXBuildFile; fileRef = 62E0671B285CC7E000E71923 /* ChangeUserDataFactory.swift */; };
		62ED506728859ABC000A509D /* ReviewsTab.swift in Sources */ = {isa = PBXBuildFile; fileRef = 62ED506628859ABC000A509D /* ReviewsTab.swift */; };
		62F02098287EC829004F22C4 /* LoginView.swift in Sources */ = {isa = PBXBuildFile; fileRef = 62F02097287EC829004F22C4 /* LoginView.swift */; };
		62F0209A287ECB1B004F22C4 /* LoginViewModel.swift in Sources */ = {isa = PBXBuildFile; fileRef = 62F02099287ECB1B004F22C4 /* LoginViewModel.swift */; };
/* End PBXBuildFile section */

/* Begin PBXContainerItemProxy section */
		621F7B5C28523E5E002AFA74 /* PBXContainerItemProxy */ = {
			isa = PBXContainerItemProxy;
			containerPortal = 621F7B4328523E5C002AFA74 /* Project object */;
			proxyType = 1;
			remoteGlobalIDString = 621F7B4A28523E5C002AFA74;
			remoteInfo = Online_Shop;
		};
		621F7B6628523E5E002AFA74 /* PBXContainerItemProxy */ = {
			isa = PBXContainerItemProxy;
			containerPortal = 621F7B4328523E5C002AFA74 /* Project object */;
			proxyType = 1;
			remoteGlobalIDString = 621F7B4A28523E5C002AFA74;
			remoteInfo = Online_Shop;
		};
/* End PBXContainerItemProxy section */

/* Begin PBXFileReference section */
		620EBB72285A12C300737F76 /* AbstractErrorParser.swift */ = {isa = PBXFileReference; lastKnownFileType = sourcecode.swift; path = AbstractErrorParser.swift; sourceTree = "<group>"; };
		620EBB74285A12F100737F76 /* ErrorParser.swift */ = {isa = PBXFileReference; lastKnownFileType = sourcecode.swift; path = ErrorParser.swift; sourceTree = "<group>"; };
		620EBB76285A132E00737F76 /* DataRequest.swift */ = {isa = PBXFileReference; lastKnownFileType = sourcecode.swift; path = DataRequest.swift; sourceTree = "<group>"; };
		620EBB78285A1AC400737F76 /* AbstractRequestFactory.swift */ = {isa = PBXFileReference; lastKnownFileType = sourcecode.swift; path = AbstractRequestFactory.swift; sourceTree = "<group>"; };
		620EBB7A285A1DEE00737F76 /* RequestRouter.swift */ = {isa = PBXFileReference; lastKnownFileType = sourcecode.swift; path = RequestRouter.swift; sourceTree = "<group>"; };
		620EBB7C285A222A00737F76 /* LoginResult.swift */ = {isa = PBXFileReference; lastKnownFileType = sourcecode.swift; path = LoginResult.swift; sourceTree = "<group>"; };
		620EBB7E285A223300737F76 /* User.swift */ = {isa = PBXFileReference; lastKnownFileType = sourcecode.swift; path = User.swift; sourceTree = "<group>"; };
		620EBB83285A235600737F76 /* Auth.swift */ = {isa = PBXFileReference; lastKnownFileType = sourcecode.swift; path = Auth.swift; sourceTree = "<group>"; };
		620EBB85285A254900737F76 /* RequestFactory.swift */ = {isa = PBXFileReference; lastKnownFileType = sourcecode.swift; path = RequestFactory.swift; sourceTree = "<group>"; };
		621B0CA0289174DB00AB3760 /* ProductCell.swift */ = {isa = PBXFileReference; lastKnownFileType = sourcecode.swift; path = ProductCell.swift; sourceTree = "<group>"; };
		621F7B4B28523E5C002AFA74 /* Online_Shop.app */ = {isa = PBXFileReference; explicitFileType = wrapper.application; includeInIndex = 0; path = Online_Shop.app; sourceTree = BUILT_PRODUCTS_DIR; };
		621F7B4E28523E5C002AFA74 /* Online_ShopApp.swift */ = {isa = PBXFileReference; lastKnownFileType = sourcecode.swift; path = Online_ShopApp.swift; sourceTree = "<group>"; };
		621F7B5228523E5E002AFA74 /* Assets.xcassets */ = {isa = PBXFileReference; lastKnownFileType = folder.assetcatalog; path = Assets.xcassets; sourceTree = "<group>"; };
		621F7B5528523E5E002AFA74 /* Preview Assets.xcassets */ = {isa = PBXFileReference; lastKnownFileType = folder.assetcatalog; path = "Preview Assets.xcassets"; sourceTree = "<group>"; };
		621F7B5B28523E5E002AFA74 /* Online_ShopTests.xctest */ = {isa = PBXFileReference; explicitFileType = wrapper.cfbundle; includeInIndex = 0; path = Online_ShopTests.xctest; sourceTree = BUILT_PRODUCTS_DIR; };
		621F7B6528523E5E002AFA74 /* Online_ShopUITests.xctest */ = {isa = PBXFileReference; explicitFileType = wrapper.cfbundle; includeInIndex = 0; path = Online_ShopUITests.xctest; sourceTree = BUILT_PRODUCTS_DIR; };
		621F7B6928523E5E002AFA74 /* Online_ShopUITests.swift */ = {isa = PBXFileReference; lastKnownFileType = sourcecode.swift; path = Online_ShopUITests.swift; sourceTree = "<group>"; };
		621F7B6B28523E5E002AFA74 /* Online_ShopUITestsLaunchTests.swift */ = {isa = PBXFileReference; lastKnownFileType = sourcecode.swift; path = Online_ShopUITestsLaunchTests.swift; sourceTree = "<group>"; };
		621FA82628897AF200E7723F /* AddReview.swift */ = {isa = PBXFileReference; lastKnownFileType = sourcecode.swift; path = AddReview.swift; sourceTree = "<group>"; };
		62391C07286DF1DD00CBBFCA /* Product.swift */ = {isa = PBXFileReference; lastKnownFileType = sourcecode.swift; path = Product.swift; sourceTree = "<group>"; };
		62391C09286DF29100CBBFCA /* GetSingleProductData.swift */ = {isa = PBXFileReference; lastKnownFileType = sourcecode.swift; path = GetSingleProductData.swift; sourceTree = "<group>"; };
		62391C0B286DF2A800CBBFCA /* GetSingleProductDataFactory.swift */ = {isa = PBXFileReference; lastKnownFileType = sourcecode.swift; path = GetSingleProductDataFactory.swift; sourceTree = "<group>"; };
		62391C0D286DF45E00CBBFCA /* GetSingleProductDataTest.swift */ = {isa = PBXFileReference; lastKnownFileType = sourcecode.swift; path = GetSingleProductDataTest.swift; sourceTree = "<group>"; };
		62436F9C288153EE00EDD9B1 /* AlertItem.swift */ = {isa = PBXFileReference; lastKnownFileType = sourcecode.swift; path = AlertItem.swift; sourceTree = "<group>"; };
		62436F9E2881607300EDD9B1 /* MainMenuViewModel.swift */ = {isa = PBXFileReference; lastKnownFileType = sourcecode.swift; path = MainMenuViewModel.swift; sourceTree = "<group>"; };
		627B2BDC286B42B900256E42 /* ResponseCodableTests.swift */ = {isa = PBXFileReference; lastKnownFileType = sourcecode.swift; path = ResponseCodableTests.swift; sourceTree = "<group>"; };
		627B2BE1286B51FB00256E42 /* AuthTest.swift */ = {isa = PBXFileReference; lastKnownFileType = sourcecode.swift; path = AuthTest.swift; sourceTree = "<group>"; };
		6280E706286D8B8E0065A04C /* ChangeUserDataTest.swift */ = {isa = PBXFileReference; lastKnownFileType = sourcecode.swift; path = ChangeUserDataTest.swift; sourceTree = "<group>"; };
		6280E708286D9AF80065A04C /* GetCatalogData.swift */ = {isa = PBXFileReference; lastKnownFileType = sourcecode.swift; path = GetCatalogData.swift; sourceTree = "<group>"; };
		6280E70A286D9B100065A04C /* GetCatalogDataFactory.swift */ = {isa = PBXFileReference; lastKnownFileType = sourcecode.swift; path = GetCatalogDataFactory.swift; sourceTree = "<group>"; };
		6280E70C286D9BB70065A04C /* CatalogData.swift */ = {isa = PBXFileReference; lastKnownFileType = sourcecode.swift; path = CatalogData.swift; sourceTree = "<group>"; };
		6280E70E286DA0A00065A04C /* GetCatalogDataTest.swift */ = {isa = PBXFileReference; lastKnownFileType = sourcecode.swift; path = GetCatalogDataTest.swift; sourceTree = "<group>"; };
		628208A92880074900F9C682 /* MainMenuView.swift */ = {isa = PBXFileReference; lastKnownFileType = sourcecode.swift; path = MainMenuView.swift; sourceTree = "<group>"; };
		628208AC2880080100F9C682 /* SignUpView.swift */ = {isa = PBXFileReference; lastKnownFileType = sourcecode.swift; path = SignUpView.swift; sourceTree = "<group>"; };
		628208AE28800D9C00F9C682 /* SingUpViewModel.swift */ = {isa = PBXFileReference; lastKnownFileType = sourcecode.swift; path = SingUpViewModel.swift; sourceTree = "<group>"; };
		62954631288D6DED00933106 /* ReviewsViewModel.swift */ = {isa = PBXFileReference; lastKnownFileType = sourcecode.swift; path = ReviewsViewModel.swift; sourceTree = "<group>"; };
		62954633288D6EF500933106 /* AddReviewData.swift */ = {isa = PBXFileReference; lastKnownFileType = sourcecode.swift; path = AddReviewData.swift; sourceTree = "<group>"; };
		62954635288D6F0800933106 /* AddReviewDataFactory.swift */ = {isa = PBXFileReference; lastKnownFileType = sourcecode.swift; path = AddReviewDataFactory.swift; sourceTree = "<group>"; };
		6299B00D286C480800873DBE /* RegistrationTest.swift */ = {isa = PBXFileReference; lastKnownFileType = sourcecode.swift; path = RegistrationTest.swift; sourceTree = "<group>"; };
		6299B00F286C949D00873DBE /* ContainerBuilder.swift */ = {isa = PBXFileReference; lastKnownFileType = sourcecode.swift; path = ContainerBuilder.swift; sourceTree = "<group>"; };
		62AF37EF289427F30088DE51 /* PayForProducts.swift */ = {isa = PBXFileReference; lastKnownFileType = sourcecode.swift; path = PayForProducts.swift; sourceTree = "<group>"; };
		62AF37F1289428790088DE51 /* PayBasket.swift */ = {isa = PBXFileReference; lastKnownFileType = sourcecode.swift; path = PayBasket.swift; sourceTree = "<group>"; };
		62AF37F3289429660088DE51 /* PayForProductsDataFactory.swift */ = {isa = PBXFileReference; lastKnownFileType = sourcecode.swift; path = PayForProductsDataFactory.swift; sourceTree = "<group>"; };
		62CA2B2A288EA6E000404764 /* ReviewsEntryField.swift */ = {isa = PBXFileReference; lastKnownFileType = sourcecode.swift; path = ReviewsEntryField.swift; sourceTree = "<group>"; };
		62CCD4712890067B003FA1E6 /* ProductCart.swift */ = {isa = PBXFileReference; lastKnownFileType = sourcecode.swift; path = ProductCart.swift; sourceTree = "<group>"; };
		62CCD47328903CF1003FA1E6 /* ProductCartViewModel.swift */ = {isa = PBXFileReference; lastKnownFileType = sourcecode.swift; path = ProductCartViewModel.swift; sourceTree = "<group>"; };
		62E06708285C705D00E71923 /* RegisterUser.swift */ = {isa = PBXFileReference; lastKnownFileType = sourcecode.swift; path = RegisterUser.swift; sourceTree = "<group>"; };
		62E0670A285C713600E71923 /* Logout.swift */ = {isa = PBXFileReference; lastKnownFileType = sourcecode.swift; path = Logout.swift; sourceTree = "<group>"; };
		62E0670C285C718100E71923 /* ChangeUserDataResult.swift */ = {isa = PBXFileReference; lastKnownFileType = sourcecode.swift; path = ChangeUserDataResult.swift; sourceTree = "<group>"; };
		62E06711285CA13200E71923 /* Registration.swift */ = {isa = PBXFileReference; lastKnownFileType = sourcecode.swift; path = Registration.swift; sourceTree = "<group>"; };
		62E06713285CBD4700E71923 /* UserData.swift */ = {isa = PBXFileReference; lastKnownFileType = sourcecode.swift; path = UserData.swift; sourceTree = "<group>"; };
		62E06715285CBF2C00E71923 /* AuthRequestFactory.swift */ = {isa = PBXFileReference; lastKnownFileType = sourcecode.swift; path = AuthRequestFactory.swift; sourceTree = "<group>"; };
		62E06717285CC00400E71923 /* RegistrationRequestFactory.swift */ = {isa = PBXFileReference; lastKnownFileType = sourcecode.swift; path = RegistrationRequestFactory.swift; sourceTree = "<group>"; };
		62E06719285CC6F600E71923 /* ChangeUserData.swift */ = {isa = PBXFileReference; lastKnownFileType = sourcecode.swift; path = ChangeUserData.swift; sourceTree = "<group>"; };
		62E0671B285CC7E000E71923 /* ChangeUserDataFactory.swift */ = {isa = PBXFileReference; lastKnownFileType = sourcecode.swift; path = ChangeUserDataFactory.swift; sourceTree = "<group>"; };
		62ED506628859ABC000A509D /* ReviewsTab.swift */ = {isa = PBXFileReference; lastKnownFileType = sourcecode.swift; path = ReviewsTab.swift; sourceTree = "<group>"; };
		62F02097287EC829004F22C4 /* LoginView.swift */ = {isa = PBXFileReference; lastKnownFileType = sourcecode.swift; path = LoginView.swift; sourceTree = "<group>"; };
		62F02099287ECB1B004F22C4 /* LoginViewModel.swift */ = {isa = PBXFileReference; lastKnownFileType = sourcecode.swift; path = LoginViewModel.swift; sourceTree = "<group>"; };
/* End PBXFileReference section */

/* Begin PBXFrameworksBuildPhase section */
		621F7B4828523E5C002AFA74 /* Frameworks */ = {
			isa = PBXFrameworksBuildPhase;
			buildActionMask = 2147483647;
			files = (
				620EBB71285A121500737F76 /* Alamofire in Frameworks */,
				62E06710285C79A500E71923 /* Swinject in Frameworks */,
			);
			runOnlyForDeploymentPostprocessing = 0;
		};
		621F7B5828523E5E002AFA74 /* Frameworks */ = {
			isa = PBXFrameworksBuildPhase;
			buildActionMask = 2147483647;
			files = (
			);
			runOnlyForDeploymentPostprocessing = 0;
		};
		621F7B6228523E5E002AFA74 /* Frameworks */ = {
			isa = PBXFrameworksBuildPhase;
			buildActionMask = 2147483647;
			files = (
			);
			runOnlyForDeploymentPostprocessing = 0;
		};
/* End PBXFrameworksBuildPhase section */

/* Begin PBXGroup section */
		620EBB80285A22DA00737F76 /* Network */ = {
			isa = PBXGroup;
			children = (
				620EBB72285A12C300737F76 /* AbstractErrorParser.swift */,
				620EBB74285A12F100737F76 /* ErrorParser.swift */,
				620EBB76285A132E00737F76 /* DataRequest.swift */,
				620EBB78285A1AC400737F76 /* AbstractRequestFactory.swift */,
				620EBB7A285A1DEE00737F76 /* RequestRouter.swift */,
			);
			path = Network;
			sourceTree = "<group>";
		};
		621F7B4228523E5C002AFA74 = {
			isa = PBXGroup;
			children = (
				621F7B4D28523E5C002AFA74 /* Online_Shop */,
				621F7B5E28523E5E002AFA74 /* Online_ShopTests */,
				621F7B6828523E5E002AFA74 /* Online_ShopUITests */,
				621F7B4C28523E5C002AFA74 /* Products */,
			);
			sourceTree = "<group>";
		};
		621F7B4C28523E5C002AFA74 /* Products */ = {
			isa = PBXGroup;
			children = (
				621F7B4B28523E5C002AFA74 /* Online_Shop.app */,
				621F7B5B28523E5E002AFA74 /* Online_ShopTests.xctest */,
				621F7B6528523E5E002AFA74 /* Online_ShopUITests.xctest */,
			);
			name = Products;
			sourceTree = "<group>";
		};
		621F7B4D28523E5C002AFA74 /* Online_Shop */ = {
			isa = PBXGroup;
			children = (
				621F7B7C28524580002AFA74 /* App */,
				621F7B7F2852459E002AFA74 /* Environments */,
				621F7B7E28524594002AFA74 /* Resources */,
			);
			path = Online_Shop;
			sourceTree = "<group>";
		};
		621F7B5428523E5E002AFA74 /* Preview Content */ = {
			isa = PBXGroup;
			children = (
				621F7B5528523E5E002AFA74 /* Preview Assets.xcassets */,
			);
			path = "Preview Content";
			sourceTree = "<group>";
		};
		621F7B5E28523E5E002AFA74 /* Online_ShopTests */ = {
			isa = PBXGroup;
			children = (
				627B2BDC286B42B900256E42 /* ResponseCodableTests.swift */,
				6299B00D286C480800873DBE /* RegistrationTest.swift */,
				627B2BE1286B51FB00256E42 /* AuthTest.swift */,
				6280E706286D8B8E0065A04C /* ChangeUserDataTest.swift */,
				6280E70E286DA0A00065A04C /* GetCatalogDataTest.swift */,
				62391C0D286DF45E00CBBFCA /* GetSingleProductDataTest.swift */,
			);
			path = Online_ShopTests;
			sourceTree = "<group>";
		};
		621F7B6828523E5E002AFA74 /* Online_ShopUITests */ = {
			isa = PBXGroup;
			children = (
				621F7B6928523E5E002AFA74 /* Online_ShopUITests.swift */,
				621F7B6B28523E5E002AFA74 /* Online_ShopUITestsLaunchTests.swift */,
			);
			path = Online_ShopUITests;
			sourceTree = "<group>";
		};
		621F7B7828524530002AFA74 /* BusinessLogic */ = {
			isa = PBXGroup;
			children = (
				620EBB80285A22DA00737F76 /* Network */,
				620EBB83285A235600737F76 /* Auth.swift */,
				62E06715285CBF2C00E71923 /* AuthRequestFactory.swift */,
				62E06711285CA13200E71923 /* Registration.swift */,
				62E06717285CC00400E71923 /* RegistrationRequestFactory.swift */,
				62E06719285CC6F600E71923 /* ChangeUserData.swift */,
				62E0671B285CC7E000E71923 /* ChangeUserDataFactory.swift */,
				6280E708286D9AF80065A04C /* GetCatalogData.swift */,
				6280E70A286D9B100065A04C /* GetCatalogDataFactory.swift */,
				62391C09286DF29100CBBFCA /* GetSingleProductData.swift */,
				62391C0B286DF2A800CBBFCA /* GetSingleProductDataFactory.swift */,
				62954633288D6EF500933106 /* AddReviewData.swift */,
				62954635288D6F0800933106 /* AddReviewDataFactory.swift */,
				62AF37EF289427F30088DE51 /* PayForProducts.swift */,
				62AF37F3289429660088DE51 /* PayForProductsDataFactory.swift */,
				620EBB85285A254900737F76 /* RequestFactory.swift */,
			);
			path = BusinessLogic;
			sourceTree = "<group>";
		};
		621F7B792852453A002AFA74 /* Entity */ = {
			isa = PBXGroup;
			children = (
				620EBB7E285A223300737F76 /* User.swift */,
				620EBB7C285A222A00737F76 /* LoginResult.swift */,
				62E0670A285C713600E71923 /* Logout.swift */,
				62E06708285C705D00E71923 /* RegisterUser.swift */,
				62E0670C285C718100E71923 /* ChangeUserDataResult.swift */,
				62E06713285CBD4700E71923 /* UserData.swift */,
				6280E70C286D9BB70065A04C /* CatalogData.swift */,
				62391C07286DF1DD00CBBFCA /* Product.swift */,
				62436F9C288153EE00EDD9B1 /* AlertItem.swift */,
				621FA82628897AF200E7723F /* AddReview.swift */,
				62AF37F1289428790088DE51 /* PayBasket.swift */,
			);
			path = Entity;
			sourceTree = "<group>";
		};
		621F7B7A28524541002AFA74 /* Assembly */ = {
			isa = PBXGroup;
			children = (
				6299B00F286C949D00873DBE /* ContainerBuilder.swift */,
			);
			path = Assembly;
			sourceTree = "<group>";
		};
		621F7B7C28524580002AFA74 /* App */ = {
			isa = PBXGroup;
			children = (
				62CCD47028900272003FA1E6 /* Helpers */,
				621F7B4E28523E5C002AFA74 /* Online_ShopApp.swift */,
				62F02095287EC7CA004F22C4 /* Flows */,
				621F7B7A28524541002AFA74 /* Assembly */,
				621F7B792852453A002AFA74 /* Entity */,
				621F7B7828524530002AFA74 /* BusinessLogic */,
			);
			path = App;
			sourceTree = "<group>";
		};
		621F7B7E28524594002AFA74 /* Resources */ = {
			isa = PBXGroup;
			children = (
				621F7B5428523E5E002AFA74 /* Preview Content */,
				621F7B5228523E5E002AFA74 /* Assets.xcassets */,
			);
			path = Resources;
			sourceTree = "<group>";
		};
		621F7B7F2852459E002AFA74 /* Environments */ = {
			isa = PBXGroup;
			children = (
			);
			path = Environments;
			sourceTree = "<group>";
		};
		628208A82880073200F9C682 /* ProductMenu */ = {
			isa = PBXGroup;
			children = (
				628208A92880074900F9C682 /* MainMenuView.swift */,
				62436F9E2881607300EDD9B1 /* MainMenuViewModel.swift */,
				621B0CA0289174DB00AB3760 /* ProductCell.swift */,
			);
			path = ProductMenu;
			sourceTree = "<group>";
		};
		628208AB288007ED00F9C682 /* SignUpMenu */ = {
			isa = PBXGroup;
			children = (
				628208AC2880080100F9C682 /* SignUpView.swift */,
				628208AE28800D9C00F9C682 /* SingUpViewModel.swift */,
			);
			path = SignUpMenu;
			sourceTree = "<group>";
		};
		62CCD46B288FF99B003FA1E6 /* ProductBasket */ = {
			isa = PBXGroup;
			children = (
				62CCD4712890067B003FA1E6 /* ProductCart.swift */,
				62CCD47328903CF1003FA1E6 /* ProductCartViewModel.swift */,
			);
			path = ProductBasket;
			sourceTree = "<group>";
		};
		62CCD47028900272003FA1E6 /* Helpers */ = {
			isa = PBXGroup;
			children = (
			);
			path = Helpers;
			sourceTree = "<group>";
		};
		62ED506528859880000A509D /* Reviews */ = {
			isa = PBXGroup;
			children = (
				62ED506628859ABC000A509D /* ReviewsTab.swift */,
				62CA2B2A288EA6E000404764 /* ReviewsEntryField.swift */,
				62954631288D6DED00933106 /* ReviewsViewModel.swift */,
			);
			path = Reviews;
			sourceTree = "<group>";
		};
		62F02095287EC7CA004F22C4 /* Flows */ = {
			isa = PBXGroup;
			children = (
				62CCD46B288FF99B003FA1E6 /* ProductBasket */,
				62ED506528859880000A509D /* Reviews */,
				628208AB288007ED00F9C682 /* SignUpMenu */,
				628208A82880073200F9C682 /* ProductMenu */,
				62F02096287EC7DA004F22C4 /* Login */,
			);
			path = Flows;
			sourceTree = "<group>";
		};
		62F02096287EC7DA004F22C4 /* Login */ = {
			isa = PBXGroup;
			children = (
				62F02097287EC829004F22C4 /* LoginView.swift */,
				62F02099287ECB1B004F22C4 /* LoginViewModel.swift */,
			);
			path = Login;
			sourceTree = "<group>";
		};
/* End PBXGroup section */

/* Begin PBXNativeTarget section */
		621F7B4A28523E5C002AFA74 /* Online_Shop */ = {
			isa = PBXNativeTarget;
			buildConfigurationList = 621F7B6F28523E5E002AFA74 /* Build configuration list for PBXNativeTarget "Online_Shop" */;
			buildPhases = (
				621F7B4728523E5C002AFA74 /* Sources */,
				621F7B4828523E5C002AFA74 /* Frameworks */,
				621F7B4928523E5C002AFA74 /* Resources */,
			);
			buildRules = (
			);
			dependencies = (
			);
			name = Online_Shop;
			packageProductDependencies = (
				620EBB70285A121500737F76 /* Alamofire */,
				62E0670F285C79A500E71923 /* Swinject */,
			);
			productName = Online_Shop;
			productReference = 621F7B4B28523E5C002AFA74 /* Online_Shop.app */;
			productType = "com.apple.product-type.application";
		};
		621F7B5A28523E5E002AFA74 /* Online_ShopTests */ = {
			isa = PBXNativeTarget;
			buildConfigurationList = 621F7B7228523E5E002AFA74 /* Build configuration list for PBXNativeTarget "Online_ShopTests" */;
			buildPhases = (
				621F7B5728523E5E002AFA74 /* Sources */,
				621F7B5828523E5E002AFA74 /* Frameworks */,
				621F7B5928523E5E002AFA74 /* Resources */,
			);
			buildRules = (
			);
			dependencies = (
				621F7B5D28523E5E002AFA74 /* PBXTargetDependency */,
			);
			name = Online_ShopTests;
			productName = Online_ShopTests;
			productReference = 621F7B5B28523E5E002AFA74 /* Online_ShopTests.xctest */;
			productType = "com.apple.product-type.bundle.unit-test";
		};
		621F7B6428523E5E002AFA74 /* Online_ShopUITests */ = {
			isa = PBXNativeTarget;
			buildConfigurationList = 621F7B7528523E5E002AFA74 /* Build configuration list for PBXNativeTarget "Online_ShopUITests" */;
			buildPhases = (
				621F7B6128523E5E002AFA74 /* Sources */,
				621F7B6228523E5E002AFA74 /* Frameworks */,
				621F7B6328523E5E002AFA74 /* Resources */,
			);
			buildRules = (
			);
			dependencies = (
				621F7B6728523E5E002AFA74 /* PBXTargetDependency */,
			);
			name = Online_ShopUITests;
			productName = Online_ShopUITests;
			productReference = 621F7B6528523E5E002AFA74 /* Online_ShopUITests.xctest */;
			productType = "com.apple.product-type.bundle.ui-testing";
		};
/* End PBXNativeTarget section */

/* Begin PBXProject section */
		621F7B4328523E5C002AFA74 /* Project object */ = {
			isa = PBXProject;
			attributes = {
				BuildIndependentTargetsInParallel = 1;
				LastSwiftUpdateCheck = 1340;
				LastUpgradeCheck = 1340;
				TargetAttributes = {
					621F7B4A28523E5C002AFA74 = {
						CreatedOnToolsVersion = 13.4.1;
					};
					621F7B5A28523E5E002AFA74 = {
						CreatedOnToolsVersion = 13.4.1;
						TestTargetID = 621F7B4A28523E5C002AFA74;
					};
					621F7B6428523E5E002AFA74 = {
						CreatedOnToolsVersion = 13.4.1;
						TestTargetID = 621F7B4A28523E5C002AFA74;
					};
				};
			};
			buildConfigurationList = 621F7B4628523E5C002AFA74 /* Build configuration list for PBXProject "Online_Shop" */;
			compatibilityVersion = "Xcode 13.0";
			developmentRegion = en;
			hasScannedForEncodings = 0;
			knownRegions = (
				en,
				Base,
			);
			mainGroup = 621F7B4228523E5C002AFA74;
			packageReferences = (
				620EBB6F285A121500737F76 /* XCRemoteSwiftPackageReference "Alamofire" */,
				62E0670E285C79A500E71923 /* XCRemoteSwiftPackageReference "Swinject" */,
			);
			productRefGroup = 621F7B4C28523E5C002AFA74 /* Products */;
			projectDirPath = "";
			projectRoot = "";
			targets = (
				621F7B4A28523E5C002AFA74 /* Online_Shop */,
				621F7B5A28523E5E002AFA74 /* Online_ShopTests */,
				621F7B6428523E5E002AFA74 /* Online_ShopUITests */,
			);
		};
/* End PBXProject section */

/* Begin PBXResourcesBuildPhase section */
		621F7B4928523E5C002AFA74 /* Resources */ = {
			isa = PBXResourcesBuildPhase;
			buildActionMask = 2147483647;
			files = (
				621F7B5628523E5E002AFA74 /* Preview Assets.xcassets in Resources */,
				621F7B5328523E5E002AFA74 /* Assets.xcassets in Resources */,
			);
			runOnlyForDeploymentPostprocessing = 0;
		};
		621F7B5928523E5E002AFA74 /* Resources */ = {
			isa = PBXResourcesBuildPhase;
			buildActionMask = 2147483647;
			files = (
			);
			runOnlyForDeploymentPostprocessing = 0;
		};
		621F7B6328523E5E002AFA74 /* Resources */ = {
			isa = PBXResourcesBuildPhase;
			buildActionMask = 2147483647;
			files = (
			);
			runOnlyForDeploymentPostprocessing = 0;
		};
/* End PBXResourcesBuildPhase section */

/* Begin PBXSourcesBuildPhase section */
		621F7B4728523E5C002AFA74 /* Sources */ = {
			isa = PBXSourcesBuildPhase;
			buildActionMask = 2147483647;
			files = (
				627B2BE0286B44C100256E42 /* ChangeUserData.swift in Sources */,
				62AF37F0289427F30088DE51 /* PayForProducts.swift in Sources */,
				6280E709286D9AF80065A04C /* GetCatalogData.swift in Sources */,
				627B2BDF286B44BC00256E42 /* ChangeUserDataResult.swift in Sources */,
				62ED506728859ABC000A509D /* ReviewsTab.swift in Sources */,
				620EBB86285A254900737F76 /* RequestFactory.swift in Sources */,
				62E06709285C705D00E71923 /* RegisterUser.swift in Sources */,
				620EBB75285A12F100737F76 /* ErrorParser.swift in Sources */,
				628208AA2880074900F9C682 /* MainMenuView.swift in Sources */,
				62E06718285CC00400E71923 /* RegistrationRequestFactory.swift in Sources */,
				62436F9F2881607300EDD9B1 /* MainMenuViewModel.swift in Sources */,
				62E06714285CBD4700E71923 /* UserData.swift in Sources */,
				62CA2B2B288EA6E000404764 /* ReviewsEntryField.swift in Sources */,
				6299B010286C949D00873DBE /* ContainerBuilder.swift in Sources */,
				620EBB7B285A1DEE00737F76 /* RequestRouter.swift in Sources */,
				62E06716285CBF2C00E71923 /* AuthRequestFactory.swift in Sources */,
				62954632288D6DED00933106 /* ReviewsViewModel.swift in Sources */,
				62AF37F4289429660088DE51 /* PayForProductsDataFactory.swift in Sources */,
				62391C0C286DF2A800CBBFCA /* GetSingleProductDataFactory.swift in Sources */,
				62954636288D6F0800933106 /* AddReviewDataFactory.swift in Sources */,
				62E0670B285C713600E71923 /* Logout.swift in Sources */,
				620EBB77285A132E00737F76 /* DataRequest.swift in Sources */,
				620EBB7D285A222A00737F76 /* LoginResult.swift in Sources */,
				628208AD2880080100F9C682 /* SignUpView.swift in Sources */,
				62436F9D288153EE00EDD9B1 /* AlertItem.swift in Sources */,
				620EBB84285A235600737F76 /* Auth.swift in Sources */,
				62391C08286DF1DD00CBBFCA /* Product.swift in Sources */,
				62CCD47428903CF1003FA1E6 /* ProductCartViewModel.swift in Sources */,
				62391C0A286DF29100CBBFCA /* GetSingleProductData.swift in Sources */,
				628208AF28800D9C00F9C682 /* SingUpViewModel.swift in Sources */,
				6280E70B286D9B100065A04C /* GetCatalogDataFactory.swift in Sources */,
				620EBB7F285A223300737F76 /* User.swift in Sources */,
				62954634288D6EF500933106 /* AddReviewData.swift in Sources */,
				621FA82728897AF200E7723F /* AddReview.swift in Sources */,
				62F0209A287ECB1B004F22C4 /* LoginViewModel.swift in Sources */,
				621B0CA1289174DC00AB3760 /* ProductCell.swift in Sources */,
				6280E70D286D9BB70065A04C /* CatalogData.swift in Sources */,
				62F02098287EC829004F22C4 /* LoginView.swift in Sources */,
				621F7B4F28523E5C002AFA74 /* Online_ShopApp.swift in Sources */,
				620EBB79285A1AC400737F76 /* AbstractRequestFactory.swift in Sources */,
				62CCD4722890067B003FA1E6 /* ProductCart.swift in Sources */,
				62E06712285CA13200E71923 /* Registration.swift in Sources */,
				62E0671C285CC7E000E71923 /* ChangeUserDataFactory.swift in Sources */,
				62AF37F2289428790088DE51 /* PayBasket.swift in Sources */,
				620EBB73285A12C300737F76 /* AbstractErrorParser.swift in Sources */,
			);
			runOnlyForDeploymentPostprocessing = 0;
		};
		621F7B5728523E5E002AFA74 /* Sources */ = {
			isa = PBXSourcesBuildPhase;
			buildActionMask = 2147483647;
			files = (
				62391C0E286DF45E00CBBFCA /* GetSingleProductDataTest.swift in Sources */,
				6280E70F286DA0A00065A04C /* GetCatalogDataTest.swift in Sources */,
				6280E707286D8B8E0065A04C /* ChangeUserDataTest.swift in Sources */,
				6299B00E286C480800873DBE /* RegistrationTest.swift in Sources */,
				627B2BDD286B42B900256E42 /* ResponseCodableTests.swift in Sources */,
				627B2BE2286B51FB00256E42 /* AuthTest.swift in Sources */,
			);
			runOnlyForDeploymentPostprocessing = 0;
		};
		621F7B6128523E5E002AFA74 /* Sources */ = {
			isa = PBXSourcesBuildPhase;
			buildActionMask = 2147483647;
			files = (
				621F7B6A28523E5E002AFA74 /* Online_ShopUITests.swift in Sources */,
				621F7B6C28523E5E002AFA74 /* Online_ShopUITestsLaunchTests.swift in Sources */,
			);
			runOnlyForDeploymentPostprocessing = 0;
		};
/* End PBXSourcesBuildPhase section */

/* Begin PBXTargetDependency section */
		621F7B5D28523E5E002AFA74 /* PBXTargetDependency */ = {
			isa = PBXTargetDependency;
			target = 621F7B4A28523E5C002AFA74 /* Online_Shop */;
			targetProxy = 621F7B5C28523E5E002AFA74 /* PBXContainerItemProxy */;
		};
		621F7B6728523E5E002AFA74 /* PBXTargetDependency */ = {
			isa = PBXTargetDependency;
			target = 621F7B4A28523E5C002AFA74 /* Online_Shop */;
			targetProxy = 621F7B6628523E5E002AFA74 /* PBXContainerItemProxy */;
		};
/* End PBXTargetDependency section */

/* Begin XCBuildConfiguration section */
		621F7B6D28523E5E002AFA74 /* Debug */ = {
			isa = XCBuildConfiguration;
			buildSettings = {
				ALWAYS_SEARCH_USER_PATHS = NO;
				CLANG_ANALYZER_NONNULL = YES;
				CLANG_ANALYZER_NUMBER_OBJECT_CONVERSION = YES_AGGRESSIVE;
				CLANG_CXX_LANGUAGE_STANDARD = "gnu++17";
				CLANG_ENABLE_MODULES = YES;
				CLANG_ENABLE_OBJC_ARC = YES;
				CLANG_ENABLE_OBJC_WEAK = YES;
				CLANG_WARN_BLOCK_CAPTURE_AUTORELEASING = YES;
				CLANG_WARN_BOOL_CONVERSION = YES;
				CLANG_WARN_COMMA = YES;
				CLANG_WARN_CONSTANT_CONVERSION = YES;
				CLANG_WARN_DEPRECATED_OBJC_IMPLEMENTATIONS = YES;
				CLANG_WARN_DIRECT_OBJC_ISA_USAGE = YES_ERROR;
				CLANG_WARN_DOCUMENTATION_COMMENTS = YES;
				CLANG_WARN_EMPTY_BODY = YES;
				CLANG_WARN_ENUM_CONVERSION = YES;
				CLANG_WARN_INFINITE_RECURSION = YES;
				CLANG_WARN_INT_CONVERSION = YES;
				CLANG_WARN_NON_LITERAL_NULL_CONVERSION = YES;
				CLANG_WARN_OBJC_IMPLICIT_RETAIN_SELF = YES;
				CLANG_WARN_OBJC_LITERAL_CONVERSION = YES;
				CLANG_WARN_OBJC_ROOT_CLASS = YES_ERROR;
				CLANG_WARN_QUOTED_INCLUDE_IN_FRAMEWORK_HEADER = YES;
				CLANG_WARN_RANGE_LOOP_ANALYSIS = YES;
				CLANG_WARN_STRICT_PROTOTYPES = YES;
				CLANG_WARN_SUSPICIOUS_MOVE = YES;
				CLANG_WARN_UNGUARDED_AVAILABILITY = YES_AGGRESSIVE;
				CLANG_WARN_UNREACHABLE_CODE = YES;
				CLANG_WARN__DUPLICATE_METHOD_MATCH = YES;
				COPY_PHASE_STRIP = NO;
				DEBUG_INFORMATION_FORMAT = dwarf;
				ENABLE_STRICT_OBJC_MSGSEND = YES;
				ENABLE_TESTABILITY = YES;
				GCC_C_LANGUAGE_STANDARD = gnu11;
				GCC_DYNAMIC_NO_PIC = NO;
				GCC_NO_COMMON_BLOCKS = YES;
				GCC_OPTIMIZATION_LEVEL = 0;
				GCC_PREPROCESSOR_DEFINITIONS = (
					"DEBUG=1",
					"$(inherited)",
				);
				GCC_WARN_64_TO_32_BIT_CONVERSION = YES;
				GCC_WARN_ABOUT_RETURN_TYPE = YES_ERROR;
				GCC_WARN_UNDECLARED_SELECTOR = YES;
				GCC_WARN_UNINITIALIZED_AUTOS = YES_AGGRESSIVE;
				GCC_WARN_UNUSED_FUNCTION = YES;
				GCC_WARN_UNUSED_VARIABLE = YES;
				IPHONEOS_DEPLOYMENT_TARGET = 15.5;
				MTL_ENABLE_DEBUG_INFO = INCLUDE_SOURCE;
				MTL_FAST_MATH = YES;
				ONLY_ACTIVE_ARCH = YES;
				SDKROOT = iphoneos;
				SWIFT_ACTIVE_COMPILATION_CONDITIONS = DEBUG;
				SWIFT_OPTIMIZATION_LEVEL = "-Onone";
			};
			name = Debug;
		};
		621F7B6E28523E5E002AFA74 /* Release */ = {
			isa = XCBuildConfiguration;
			buildSettings = {
				ALWAYS_SEARCH_USER_PATHS = NO;
				CLANG_ANALYZER_NONNULL = YES;
				CLANG_ANALYZER_NUMBER_OBJECT_CONVERSION = YES_AGGRESSIVE;
				CLANG_CXX_LANGUAGE_STANDARD = "gnu++17";
				CLANG_ENABLE_MODULES = YES;
				CLANG_ENABLE_OBJC_ARC = YES;
				CLANG_ENABLE_OBJC_WEAK = YES;
				CLANG_WARN_BLOCK_CAPTURE_AUTORELEASING = YES;
				CLANG_WARN_BOOL_CONVERSION = YES;
				CLANG_WARN_COMMA = YES;
				CLANG_WARN_CONSTANT_CONVERSION = YES;
				CLANG_WARN_DEPRECATED_OBJC_IMPLEMENTATIONS = YES;
				CLANG_WARN_DIRECT_OBJC_ISA_USAGE = YES_ERROR;
				CLANG_WARN_DOCUMENTATION_COMMENTS = YES;
				CLANG_WARN_EMPTY_BODY = YES;
				CLANG_WARN_ENUM_CONVERSION = YES;
				CLANG_WARN_INFINITE_RECURSION = YES;
				CLANG_WARN_INT_CONVERSION = YES;
				CLANG_WARN_NON_LITERAL_NULL_CONVERSION = YES;
				CLANG_WARN_OBJC_IMPLICIT_RETAIN_SELF = YES;
				CLANG_WARN_OBJC_LITERAL_CONVERSION = YES;
				CLANG_WARN_OBJC_ROOT_CLASS = YES_ERROR;
				CLANG_WARN_QUOTED_INCLUDE_IN_FRAMEWORK_HEADER = YES;
				CLANG_WARN_RANGE_LOOP_ANALYSIS = YES;
				CLANG_WARN_STRICT_PROTOTYPES = YES;
				CLANG_WARN_SUSPICIOUS_MOVE = YES;
				CLANG_WARN_UNGUARDED_AVAILABILITY = YES_AGGRESSIVE;
				CLANG_WARN_UNREACHABLE_CODE = YES;
				CLANG_WARN__DUPLICATE_METHOD_MATCH = YES;
				COPY_PHASE_STRIP = NO;
				DEBUG_INFORMATION_FORMAT = "dwarf-with-dsym";
				ENABLE_NS_ASSERTIONS = NO;
				ENABLE_STRICT_OBJC_MSGSEND = YES;
				GCC_C_LANGUAGE_STANDARD = gnu11;
				GCC_NO_COMMON_BLOCKS = YES;
				GCC_WARN_64_TO_32_BIT_CONVERSION = YES;
				GCC_WARN_ABOUT_RETURN_TYPE = YES_ERROR;
				GCC_WARN_UNDECLARED_SELECTOR = YES;
				GCC_WARN_UNINITIALIZED_AUTOS = YES_AGGRESSIVE;
				GCC_WARN_UNUSED_FUNCTION = YES;
				GCC_WARN_UNUSED_VARIABLE = YES;
				IPHONEOS_DEPLOYMENT_TARGET = 15.5;
				MTL_ENABLE_DEBUG_INFO = NO;
				MTL_FAST_MATH = YES;
				SDKROOT = iphoneos;
				SWIFT_COMPILATION_MODE = wholemodule;
				SWIFT_OPTIMIZATION_LEVEL = "-O";
				VALIDATE_PRODUCT = YES;
			};
			name = Release;
		};
		621F7B7028523E5E002AFA74 /* Debug */ = {
			isa = XCBuildConfiguration;
			buildSettings = {
				ASSETCATALOG_COMPILER_APPICON_NAME = AppIcon;
				ASSETCATALOG_COMPILER_GLOBAL_ACCENT_COLOR_NAME = AccentColor;
				CODE_SIGN_STYLE = Automatic;
				CURRENT_PROJECT_VERSION = 1;
				DEVELOPMENT_ASSET_PATHS = "\"Online_Shop/Resources/Preview Content\"";
				DEVELOPMENT_TEAM = 44W4ZX859Z;
				ENABLE_PREVIEWS = YES;
				GENERATE_INFOPLIST_FILE = YES;
				INFOPLIST_KEY_UIApplicationSceneManifest_Generation = YES;
				INFOPLIST_KEY_UIApplicationSupportsIndirectInputEvents = YES;
				INFOPLIST_KEY_UILaunchScreen_Generation = YES;
				INFOPLIST_KEY_UISupportedInterfaceOrientations_iPad = "UIInterfaceOrientationPortrait UIInterfaceOrientationPortraitUpsideDown UIInterfaceOrientationLandscapeLeft UIInterfaceOrientationLandscapeRight";
				INFOPLIST_KEY_UISupportedInterfaceOrientations_iPhone = "UIInterfaceOrientationPortrait UIInterfaceOrientationLandscapeLeft UIInterfaceOrientationLandscapeRight";
				LD_RUNPATH_SEARCH_PATHS = (
					"$(inherited)",
					"@executable_path/Frameworks",
				);
				MARKETING_VERSION = 1.0;
				PRODUCT_BUNDLE_IDENTIFIER = "testproject.com.alexgrg.Online-Shop";
				PRODUCT_NAME = "$(TARGET_NAME)";
				SWIFT_EMIT_LOC_STRINGS = YES;
				SWIFT_VERSION = 5.0;
				TARGETED_DEVICE_FAMILY = "1,2";
			};
			name = Debug;
		};
		621F7B7128523E5E002AFA74 /* Release */ = {
			isa = XCBuildConfiguration;
			buildSettings = {
				ASSETCATALOG_COMPILER_APPICON_NAME = AppIcon;
				ASSETCATALOG_COMPILER_GLOBAL_ACCENT_COLOR_NAME = AccentColor;
				CODE_SIGN_STYLE = Automatic;
				CURRENT_PROJECT_VERSION = 1;
				DEVELOPMENT_ASSET_PATHS = "\"Online_Shop/Resources/Preview Content\"";
				DEVELOPMENT_TEAM = 44W4ZX859Z;
				ENABLE_PREVIEWS = YES;
				GENERATE_INFOPLIST_FILE = YES;
				INFOPLIST_KEY_UIApplicationSceneManifest_Generation = YES;
				INFOPLIST_KEY_UIApplicationSupportsIndirectInputEvents = YES;
				INFOPLIST_KEY_UILaunchScreen_Generation = YES;
				INFOPLIST_KEY_UISupportedInterfaceOrientations_iPad = "UIInterfaceOrientationPortrait UIInterfaceOrientationPortraitUpsideDown UIInterfaceOrientationLandscapeLeft UIInterfaceOrientationLandscapeRight";
				INFOPLIST_KEY_UISupportedInterfaceOrientations_iPhone = "UIInterfaceOrientationPortrait UIInterfaceOrientationLandscapeLeft UIInterfaceOrientationLandscapeRight";
				LD_RUNPATH_SEARCH_PATHS = (
					"$(inherited)",
					"@executable_path/Frameworks",
				);
				MARKETING_VERSION = 1.0;
				PRODUCT_BUNDLE_IDENTIFIER = "testproject.com.alexgrg.Online-Shop";
				PRODUCT_NAME = "$(TARGET_NAME)";
				SWIFT_EMIT_LOC_STRINGS = YES;
				SWIFT_VERSION = 5.0;
				TARGETED_DEVICE_FAMILY = "1,2";
			};
			name = Release;
		};
		621F7B7328523E5E002AFA74 /* Debug */ = {
			isa = XCBuildConfiguration;
			buildSettings = {
				ALWAYS_EMBED_SWIFT_STANDARD_LIBRARIES = YES;
				BUNDLE_LOADER = "$(TEST_HOST)";
				CODE_SIGN_STYLE = Automatic;
				CURRENT_PROJECT_VERSION = 1;
				DEVELOPMENT_TEAM = 44W4ZX859Z;
				GENERATE_INFOPLIST_FILE = YES;
				IPHONEOS_DEPLOYMENT_TARGET = 15.5;
				MARKETING_VERSION = 1.0;
				PRODUCT_BUNDLE_IDENTIFIER = "testproject.com.alexgrg.Online-ShopTests";
				PRODUCT_NAME = "$(TARGET_NAME)";
				SWIFT_EMIT_LOC_STRINGS = NO;
				SWIFT_VERSION = 5.0;
				TARGETED_DEVICE_FAMILY = "1,2";
				TEST_HOST = "$(BUILT_PRODUCTS_DIR)/Online_Shop.app/Online_Shop";
			};
			name = Debug;
		};
		621F7B7428523E5E002AFA74 /* Release */ = {
			isa = XCBuildConfiguration;
			buildSettings = {
				ALWAYS_EMBED_SWIFT_STANDARD_LIBRARIES = YES;
				BUNDLE_LOADER = "$(TEST_HOST)";
				CODE_SIGN_STYLE = Automatic;
				CURRENT_PROJECT_VERSION = 1;
				DEVELOPMENT_TEAM = 44W4ZX859Z;
				GENERATE_INFOPLIST_FILE = YES;
				IPHONEOS_DEPLOYMENT_TARGET = 15.5;
				MARKETING_VERSION = 1.0;
				PRODUCT_BUNDLE_IDENTIFIER = "testproject.com.alexgrg.Online-ShopTests";
				PRODUCT_NAME = "$(TARGET_NAME)";
				SWIFT_EMIT_LOC_STRINGS = NO;
				SWIFT_VERSION = 5.0;
				TARGETED_DEVICE_FAMILY = "1,2";
				TEST_HOST = "$(BUILT_PRODUCTS_DIR)/Online_Shop.app/Online_Shop";
			};
			name = Release;
		};
		621F7B7628523E5E002AFA74 /* Debug */ = {
			isa = XCBuildConfiguration;
			buildSettings = {
				ALWAYS_EMBED_SWIFT_STANDARD_LIBRARIES = YES;
				CODE_SIGN_STYLE = Automatic;
				CURRENT_PROJECT_VERSION = 1;
				DEVELOPMENT_TEAM = 44W4ZX859Z;
				GENERATE_INFOPLIST_FILE = YES;
				MARKETING_VERSION = 1.0;
				PRODUCT_BUNDLE_IDENTIFIER = "testproject.com.alexgrg.Online-ShopUITests";
				PRODUCT_NAME = "$(TARGET_NAME)";
				SWIFT_EMIT_LOC_STRINGS = NO;
				SWIFT_VERSION = 5.0;
				TARGETED_DEVICE_FAMILY = "1,2";
				TEST_TARGET_NAME = Online_Shop;
			};
			name = Debug;
		};
		621F7B7728523E5E002AFA74 /* Release */ = {
			isa = XCBuildConfiguration;
			buildSettings = {
				ALWAYS_EMBED_SWIFT_STANDARD_LIBRARIES = YES;
				CODE_SIGN_STYLE = Automatic;
				CURRENT_PROJECT_VERSION = 1;
				DEVELOPMENT_TEAM = 44W4ZX859Z;
				GENERATE_INFOPLIST_FILE = YES;
				MARKETING_VERSION = 1.0;
				PRODUCT_BUNDLE_IDENTIFIER = "testproject.com.alexgrg.Online-ShopUITests";
				PRODUCT_NAME = "$(TARGET_NAME)";
				SWIFT_EMIT_LOC_STRINGS = NO;
				SWIFT_VERSION = 5.0;
				TARGETED_DEVICE_FAMILY = "1,2";
				TEST_TARGET_NAME = Online_Shop;
			};
			name = Release;
		};
/* End XCBuildConfiguration section */

/* Begin XCConfigurationList section */
		621F7B4628523E5C002AFA74 /* Build configuration list for PBXProject "Online_Shop" */ = {
			isa = XCConfigurationList;
			buildConfigurations = (
				621F7B6D28523E5E002AFA74 /* Debug */,
				621F7B6E28523E5E002AFA74 /* Release */,
			);
			defaultConfigurationIsVisible = 0;
			defaultConfigurationName = Release;
		};
		621F7B6F28523E5E002AFA74 /* Build configuration list for PBXNativeTarget "Online_Shop" */ = {
			isa = XCConfigurationList;
			buildConfigurations = (
				621F7B7028523E5E002AFA74 /* Debug */,
				621F7B7128523E5E002AFA74 /* Release */,
			);
			defaultConfigurationIsVisible = 0;
			defaultConfigurationName = Release;
		};
		621F7B7228523E5E002AFA74 /* Build configuration list for PBXNativeTarget "Online_ShopTests" */ = {
			isa = XCConfigurationList;
			buildConfigurations = (
				621F7B7328523E5E002AFA74 /* Debug */,
				621F7B7428523E5E002AFA74 /* Release */,
			);
			defaultConfigurationIsVisible = 0;
			defaultConfigurationName = Release;
		};
		621F7B7528523E5E002AFA74 /* Build configuration list for PBXNativeTarget "Online_ShopUITests" */ = {
			isa = XCConfigurationList;
			buildConfigurations = (
				621F7B7628523E5E002AFA74 /* Debug */,
				621F7B7728523E5E002AFA74 /* Release */,
			);
			defaultConfigurationIsVisible = 0;
			defaultConfigurationName = Release;
		};
/* End XCConfigurationList section */

/* Begin XCRemoteSwiftPackageReference section */
		620EBB6F285A121500737F76 /* XCRemoteSwiftPackageReference "Alamofire" */ = {
			isa = XCRemoteSwiftPackageReference;
			repositoryURL = "https://github.com/Alamofire/Alamofire.git";
			requirement = {
				kind = upToNextMinorVersion;
				minimumVersion = 5.6.0;
			};
		};
		62E0670E285C79A500E71923 /* XCRemoteSwiftPackageReference "Swinject" */ = {
			isa = XCRemoteSwiftPackageReference;
			repositoryURL = "https://github.com/Swinject/Swinject.git";
			requirement = {
				kind = upToNextMinorVersion;
				minimumVersion = 2.8.0;
			};
		};
/* End XCRemoteSwiftPackageReference section */

/* Begin XCSwiftPackageProductDependency section */
		620EBB70285A121500737F76 /* Alamofire */ = {
			isa = XCSwiftPackageProductDependency;
			package = 620EBB6F285A121500737F76 /* XCRemoteSwiftPackageReference "Alamofire" */;
			productName = Alamofire;
		};
		62E0670F285C79A500E71923 /* Swinject */ = {
			isa = XCSwiftPackageProductDependency;
			package = 62E0670E285C79A500E71923 /* XCRemoteSwiftPackageReference "Swinject" */;
			productName = Swinject;
		};
/* End XCSwiftPackageProductDependency section */
	};
	rootObject = 621F7B4328523E5C002AFA74 /* Project object */;
}
